
Microsoft Visual Studio Solution File, Format Version 12.00
# Visual Studio 15
VisualStudioVersion = 15.0.28307.329
MinimumVisualStudioVersion = 10.0.40219.1
Project("{FAE04EC0-301F-11D3-BF4B-00C04F79EFBC}") = "contacto", "contacto\contacto.csproj", "{BA20C167-9B40-47BC-B3D8-50907CF8BB79}"
EndProject
Project("{FAE04EC0-301F-11D3-BF4B-00C04F79EFBC}") = "apiContact", "apiContact\apiContact.csproj", "{5C25A988-C47D-445C-827F-166B405DE565}"
EndProject
Project("{FAE04EC0-301F-11D3-BF4B-00C04F79EFBC}") = "AppContacto.Android", "AppContacto\AppContacto.Android\AppContacto.Android.csproj", "{A6E0B8AA-5189-4B3E-94EB-B801971F9486}"
EndProject
Project("{FAE04EC0-301F-11D3-BF4B-00C04F79EFBC}") = "AppContacto.iOS", "AppContacto\AppContacto.iOS\AppContacto.iOS.csproj", "{2AE757AB-0A0C-424D-AF75-76F56ACE6F7E}"
EndProject
Project("{FAE04EC0-301F-11D3-BF4B-00C04F79EFBC}") = "AppContacto", "AppContacto\AppContacto\AppContacto.csproj", "{E079E376-08A9-45F5-9C97-6E0D17CDB318}"
EndProject
Global
	GlobalSection(SolutionConfigurationPlatforms) = preSolution
		Ad-Hoc|Any CPU = Ad-Hoc|Any CPU
		Ad-Hoc|iPhone = Ad-Hoc|iPhone
		Ad-Hoc|iPhoneSimulator = Ad-Hoc|iPhoneSimulator
		AppStore|Any CPU = AppStore|Any CPU
		AppStore|iPhone = AppStore|iPhone
		AppStore|iPhoneSimulator = AppStore|iPhoneSimulator
		Debug|Any CPU = Debug|Any CPU
		Debug|iPhone = Debug|iPhone
		Debug|iPhoneSimulator = Debug|iPhoneSimulator
		Release|Any CPU = Release|Any CPU
		Release|iPhone = Release|iPhone
		Release|iPhoneSimulator = Release|iPhoneSimulator
	EndGlobalSection
	GlobalSection(ProjectConfigurationPlatforms) = postSolution
		{BA20C167-9B40-47BC-B3D8-50907CF8BB79}.Ad-Hoc|Any CPU.ActiveCfg = Release|Any CPU
		{BA20C167-9B40-47BC-B3D8-50907CF8BB79}.Ad-Hoc|Any CPU.Build.0 = Release|Any CPU
		{BA20C167-9B40-47BC-B3D8-50907CF8BB79}.Ad-Hoc|iPhone.ActiveCfg = Release|Any CPU
		{BA20C167-9B40-47BC-B3D8-50907CF8BB79}.Ad-Hoc|iPhone.Build.0 = Release|Any CPU
		{BA20C167-9B40-47BC-B3D8-50907CF8BB79}.Ad-Hoc|iPhoneSimulator.ActiveCfg = Release|Any CPU
		{BA20C167-9B40-47BC-B3D8-50907CF8BB79}.Ad-Hoc|iPhoneSimulator.Build.0 = Release|Any CPU
		{BA20C167-9B40-47BC-B3D8-50907CF8BB79}.AppStore|Any CPU.ActiveCfg = Release|Any CPU
		{BA20C167-9B40-47BC-B3D8-50907CF8BB79}.AppStore|Any CPU.Build.0 = Release|Any CPU
		{BA20C167-9B40-47BC-B3D8-50907CF8BB79}.AppStore|iPhone.ActiveCfg = Release|Any CPU
		{BA20C167-9B40-47BC-B3D8-50907CF8BB79}.AppStore|iPhone.Build.0 = Release|Any CPU
		{BA20C167-9B40-47BC-B3D8-50907CF8BB79}.AppStore|iPhoneSimulator.ActiveCfg = Release|Any CPU
		{BA20C167-9B40-47BC-B3D8-50907CF8BB79}.AppStore|iPhoneSimulator.Build.0 = Release|Any CPU
		{BA20C167-9B40-47BC-B3D8-50907CF8BB79}.Debug|Any CPU.ActiveCfg = Debug|Any CPU
		{BA20C167-9B40-47BC-B3D8-50907CF8BB79}.Debug|Any CPU.Build.0 = Debug|Any CPU
		{BA20C167-9B40-47BC-B3D8-50907CF8BB79}.Debug|iPhone.ActiveCfg = Debug|Any CPU
		{BA20C167-9B40-47BC-B3D8-50907CF8BB79}.Debug|iPhone.Build.0 = Debug|Any CPU
		{BA20C167-9B40-47BC-B3D8-50907CF8BB79}.Debug|iPhoneSimulator.ActiveCfg = Debug|Any CPU
		{BA20C167-9B40-47BC-B3D8-50907CF8BB79}.Debug|iPhoneSimulator.Build.0 = Debug|Any CPU
		{BA20C167-9B40-47BC-B3D8-50907CF8BB79}.Release|Any CPU.ActiveCfg = Release|Any CPU
		{BA20C167-9B40-47BC-B3D8-50907CF8BB79}.Release|Any CPU.Build.0 = Release|Any CPU
		{BA20C167-9B40-47BC-B3D8-50907CF8BB79}.Release|iPhone.ActiveCfg = Release|Any CPU
		{BA20C167-9B40-47BC-B3D8-50907CF8BB79}.Release|iPhone.Build.0 = Release|Any CPU
		{BA20C167-9B40-47BC-B3D8-50907CF8BB79}.Release|iPhoneSimulator.ActiveCfg = Release|Any CPU
		{BA20C167-9B40-47BC-B3D8-50907CF8BB79}.Release|iPhoneSimulator.Build.0 = Release|Any CPU
		{5C25A988-C47D-445C-827F-166B405DE565}.Ad-Hoc|Any CPU.ActiveCfg = Release|Any CPU
		{5C25A988-C47D-445C-827F-166B405DE565}.Ad-Hoc|Any CPU.Build.0 = Release|Any CPU
		{5C25A988-C47D-445C-827F-166B405DE565}.Ad-Hoc|iPhone.ActiveCfg = Release|Any CPU
		{5C25A988-C47D-445C-827F-166B405DE565}.Ad-Hoc|iPhone.Build.0 = Release|Any CPU
		{5C25A988-C47D-445C-827F-166B405DE565}.Ad-Hoc|iPhoneSimulator.ActiveCfg = Release|Any CPU
		{5C25A988-C47D-445C-827F-166B405DE565}.Ad-Hoc|iPhoneSimulator.Build.0 = Release|Any CPU
		{5C25A988-C47D-445C-827F-166B405DE565}.AppStore|Any CPU.ActiveCfg = Release|Any CPU
		{5C25A988-C47D-445C-827F-166B405DE565}.AppStore|Any CPU.Build.0 = Release|Any CPU
		{5C25A988-C47D-445C-827F-166B405DE565}.AppStore|iPhone.ActiveCfg = Release|Any CPU
		{5C25A988-C47D-445C-827F-166B405DE565}.AppStore|iPhone.Build.0 = Release|Any CPU
		{5C25A988-C47D-445C-827F-166B405DE565}.AppStore|iPhoneSimulator.ActiveCfg = Release|Any CPU
		{5C25A988-C47D-445C-827F-166B405DE565}.AppStore|iPhoneSimulator.Build.0 = Release|Any CPU
		{5C25A988-C47D-445C-827F-166B405DE565}.Debug|Any CPU.ActiveCfg = Debug|Any CPU
		{5C25A988-C47D-445C-827F-166B405DE565}.Debug|Any CPU.Build.0 = Debug|Any CPU
		{5C25A988-C47D-445C-827F-166B405DE565}.Debug|iPhone.ActiveCfg = Debug|Any CPU
		{5C25A988-C47D-445C-827F-166B405DE565}.Debug|iPhone.Build.0 = Debug|Any CPU
		{5C25A988-C47D-445C-827F-166B405DE565}.Debug|iPhoneSimulator.ActiveCfg = Debug|Any CPU
		{5C25A988-C47D-445C-827F-166B405DE565}.Debug|iPhoneSimulator.Build.0 = Debug|Any CPU
		{5C25A988-C47D-445C-827F-166B405DE565}.Release|Any CPU.ActiveCfg = Release|Any CPU
		{5C25A988-C47D-445C-827F-166B405DE565}.Release|Any CPU.Build.0 = Release|Any CPU
		{5C25A988-C47D-445C-827F-166B405DE565}.Release|iPhone.ActiveCfg = Release|Any CPU
		{5C25A988-C47D-445C-827F-166B405DE565}.Release|iPhone.Build.0 = Release|Any CPU
		{5C25A988-C47D-445C-827F-166B405DE565}.Release|iPhoneSimulator.ActiveCfg = Release|Any CPU
		{5C25A988-C47D-445C-827F-166B405DE565}.Release|iPhoneSimulator.Build.0 = Release|Any CPU
		{A6E0B8AA-5189-4B3E-94EB-B801971F9486}.Ad-Hoc|Any CPU.ActiveCfg = Release|Any CPU
		{A6E0B8AA-5189-4B3E-94EB-B801971F9486}.Ad-Hoc|Any CPU.Build.0 = Release|Any CPU
		{A6E0B8AA-5189-4B3E-94EB-B801971F9486}.Ad-Hoc|Any CPU.Deploy.0 = Release|Any CPU
		{A6E0B8AA-5189-4B3E-94EB-B801971F9486}.Ad-Hoc|iPhone.ActiveCfg = Release|Any CPU
		{A6E0B8AA-5189-4B3E-94EB-B801971F9486}.Ad-Hoc|iPhone.Build.0 = Release|Any CPU
		{A6E0B8AA-5189-4B3E-94EB-B801971F9486}.Ad-Hoc|iPhone.Deploy.0 = Release|Any CPU
		{A6E0B8AA-5189-4B3E-94EB-B801971F9486}.Ad-Hoc|iPhoneSimulator.ActiveCfg = Release|Any CPU
		{A6E0B8AA-5189-4B3E-94EB-B801971F9486}.Ad-Hoc|iPhoneSimulator.Build.0 = Release|Any CPU
		{A6E0B8AA-5189-4B3E-94EB-B801971F9486}.Ad-Hoc|iPhoneSimulator.Deploy.0 = Release|Any CPU
		{A6E0B8AA-5189-4B3E-94EB-B801971F9486}.AppStore|Any CPU.ActiveCfg = Release|Any CPU
		{A6E0B8AA-5189-4B3E-94EB-B801971F9486}.AppStore|Any CPU.Build.0 = Release|Any CPU
		{A6E0B8AA-5189-4B3E-94EB-B801971F9486}.AppStore|Any CPU.Deploy.0 = Release|Any CPU
		{A6E0B8AA-5189-4B3E-94EB-B801971F9486}.AppStore|iPhone.ActiveCfg = Release|Any CPU
		{A6E0B8AA-5189-4B3E-94EB-B801971F9486}.AppStore|iPhone.Build.0 = Release|Any CPU
		{A6E0B8AA-5189-4B3E-94EB-B801971F9486}.AppStore|iPhone.Deploy.0 = Release|Any CPU
		{A6E0B8AA-5189-4B3E-94EB-B801971F9486}.AppStore|iPhoneSimulator.ActiveCfg = Release|Any CPU
		{A6E0B8AA-5189-4B3E-94EB-B801971F9486}.AppStore|iPhoneSimulator.Build.0 = Release|Any CPU
		{A6E0B8AA-5189-4B3E-94EB-B801971F9486}.AppStore|iPhoneSimulator.Deploy.0 = Release|Any CPU
		{A6E0B8AA-5189-4B3E-94EB-B801971F9486}.Debug|Any CPU.ActiveCfg = Debug|Any CPU
		{A6E0B8AA-5189-4B3E-94EB-B801971F9486}.Debug|Any CPU.Build.0 = Debug|Any CPU
		{A6E0B8AA-5189-4B3E-94EB-B801971F9486}.Debug|Any CPU.Deploy.0 = Debug|Any CPU
		{A6E0B8AA-5189-4B3E-94EB-B801971F9486}.Debug|iPhone.ActiveCfg = Debug|Any CPU
		{A6E0B8AA-5189-4B3E-94EB-B801971F9486}.Debug|iPhone.Build.0 = Debug|Any CPU
		{A6E0B8AA-5189-4B3E-94EB-B801971F9486}.Debug|iPhone.Deploy.0 = Debug|Any CPU
		{A6E0B8AA-5189-4B3E-94EB-B801971F9486}.Debug|iPhoneSimulator.ActiveCfg = Debug|Any CPU
		{A6E0B8AA-5189-4B3E-94EB-B801971F9486}.Debug|iPhoneSimulator.Build.0 = Debug|Any CPU
		{A6E0B8AA-5189-4B3E-94EB-B801971F9486}.Debug|iPhoneSimulator.Deploy.0 = Debug|Any CPU
		{A6E0B8AA-5189-4B3E-94EB-B801971F9486}.Release|Any CPU.ActiveCfg = Release|Any CPU
		{A6E0B8AA-5189-4B3E-94EB-B801971F9486}.Release|Any CPU.Build.0 = Release|Any CPU
		{A6E0B8AA-5189-4B3E-94EB-B801971F9486}.Release|Any CPU.Deploy.0 = Release|Any CPU
		{A6E0B8AA-5189-4B3E-94EB-B801971F9486}.Release|iPhone.ActiveCfg = Release|Any CPU
		{A6E0B8AA-5189-4B3E-94EB-B801971F9486}.Release|iPhone.Build.0 = Release|Any CPU
		{A6E0B8AA-5189-4B3E-94EB-B801971F9486}.Release|iPhone.Deploy.0 = Release|Any CPU
		{A6E0B8AA-5189-4B3E-94EB-B801971F9486}.Release|iPhoneSimulator.ActiveCfg = Release|Any CPU
		{A6E0B8AA-5189-4B3E-94EB-B801971F9486}.Release|iPhoneSimulator.Build.0 = Release|Any CPU
		{A6E0B8AA-5189-4B3E-94EB-B801971F9486}.Release|iPhoneSimulator.Deploy.0 = Release|Any CPU
		{2AE757AB-0A0C-424D-AF75-76F56ACE6F7E}.Ad-Hoc|Any CPU.ActiveCfg = Ad-Hoc|iPhone
		{2AE757AB-0A0C-424D-AF75-76F56ACE6F7E}.Ad-Hoc|iPhone.ActiveCfg = Ad-Hoc|iPhone
		{2AE757AB-0A0C-424D-AF75-76F56ACE6F7E}.Ad-Hoc|iPhone.Build.0 = Ad-Hoc|iPhone
		{2AE757AB-0A0C-424D-AF75-76F56ACE6F7E}.Ad-Hoc|iPhoneSimulator.ActiveCfg = Ad-Hoc|iPhoneSimulator
		{2AE757AB-0A0C-424D-AF75-76F56ACE6F7E}.Ad-Hoc|iPhoneSimulator.Build.0 = Ad-Hoc|iPhoneSimulator
		{2AE757AB-0A0C-424D-AF75-76F56ACE6F7E}.AppStore|Any CPU.ActiveCfg = AppStore|iPhone
		{2AE757AB-0A0C-424D-AF75-76F56ACE6F7E}.AppStore|iPhone.ActiveCfg = AppStore|iPhone
		{2AE757AB-0A0C-424D-AF75-76F56ACE6F7E}.AppStore|iPhone.Build.0 = AppStore|iPhone
		{2AE757AB-0A0C-424D-AF75-76F56ACE6F7E}.AppStore|iPhoneSimulator.ActiveCfg = AppStore|iPhoneSimulator
		{2AE757AB-0A0C-424D-AF75-76F56ACE6F7E}.AppStore|iPhoneSimulator.Build.0 = AppStore|iPhoneSimulator
		{2AE757AB-0A0C-424D-AF75-76F56ACE6F7E}.Debug|Any CPU.ActiveCfg = Debug|iPhone
		{2AE757AB-0A0C-424D-AF75-76F56ACE6F7E}.Debug|iPhone.ActiveCfg = Debug|iPhone
		{2AE757AB-0A0C-424D-AF75-76F56ACE6F7E}.Debug|iPhone.Build.0 = Debug|iPhone
		{2AE757AB-0A0C-424D-AF75-76F56ACE6F7E}.Debug|iPhoneSimulator.ActiveCfg = Debug|iPhoneSimulator
		{2AE757AB-0A0C-424D-AF75-76F56ACE6F7E}.Debug|iPhoneSimulator.Build.0 = Debug|iPhoneSimulator
		{2AE757AB-0A0C-424D-AF75-76F56ACE6F7E}.Release|Any CPU.ActiveCfg = Release|iPhone
		{2AE757AB-0A0C-424D-AF75-76F56ACE6F7E}.Release|iPhone.ActiveCfg = Release|iPhone
		{2AE757AB-0A0C-424D-AF75-76F56ACE6F7E}.Release|iPhone.Build.0 = Release|iPhone
		{2AE757AB-0A0C-424D-AF75-76F56ACE6F7E}.Release|iPhoneSimulator.ActiveCfg = Release|iPhoneSimulator
		{2AE757AB-0A0C-424D-AF75-76F56ACE6F7E}.Release|iPhoneSimulator.Build.0 = Release|iPhoneSimulator
		{E079E376-08A9-45F5-9C97-6E0D17CDB318}.Ad-Hoc|Any CPU.ActiveCfg = Debug|Any CPU
		{E079E376-08A9-45F5-9C97-6E0D17CDB318}.Ad-Hoc|Any CPU.Build.0 = Debug|Any CPU
		{E079E376-08A9-45F5-9C97-6E0D17CDB318}.Ad-Hoc|iPhone.ActiveCfg = Debug|Any CPU
		{E079E376-08A9-45F5-9C97-6E0D17CDB318}.Ad-Hoc|iPhone.Build.0 = Debug|Any CPU
		{E079E376-08A9-45F5-9C97-6E0D17CDB318}.Ad-Hoc|iPhoneSimulator.ActiveCfg = Debug|Any CPU
		{E079E376-08A9-45F5-9C97-6E0D17CDB318}.Ad-Hoc|iPhoneSimulator.Build.0 = Debug|Any CPU
		{E079E376-08A9-45F5-9C97-6E0D17CDB318}.AppStore|Any CPU.ActiveCfg = Debug|Any CPU
		{E079E376-08A9-45F5-9C97-6E0D17CDB318}.AppStore|Any CPU.Build.0 = Debug|Any CPU
		{E079E376-08A9-45F5-9C97-6E0D17CDB318}.AppStore|iPhone.ActiveCfg = Debug|Any CPU
		{E079E376-08A9-45F5-9C97-6E0D17CDB318}.AppStore|iPhone.Build.0 = Debug|Any CPU
		{E079E376-08A9-45F5-9C97-6E0D17CDB318}.AppStore|iPhoneSimulator.ActiveCfg = Debug|Any CPU
		{E079E376-08A9-45F5-9C97-6E0D17CDB318}.AppStore|iPhoneSimulator.Build.0 = Debug|Any CPU
		{E079E376-08A9-45F5-9C97-6E0D17CDB318}.Debug|Any CPU.ActiveCfg = Debug|Any CPU
		{E079E376-08A9-45F5-9C97-6E0D17CDB318}.Debug|Any CPU.Build.0 = Debug|Any CPU
		{E079E376-08A9-45F5-9C97-6E0D17CDB318}.Debug|iPhone.ActiveCfg = Debug|Any CPU
		{E079E376-08A9-45F5-9C97-6E0D17CDB318}.Debug|iPhone.Build.0 = Debug|Any CPU
		{E079E376-08A9-45F5-9C97-6E0D17CDB318}.Debug|iPhoneSimulator.ActiveCfg = Debug|Any CPU
		{E079E376-08A9-45F5-9C97-6E0D17CDB318}.Debug|iPhoneSimulator.Build.0 = Debug|Any CPU
		{E079E376-08A9-45F5-9C97-6E0D17CDB318}.Release|Any CPU.ActiveCfg = Release|Any CPU
		{E079E376-08A9-45F5-9C97-6E0D17CDB318}.Release|Any CPU.Build.0 = Release|Any CPU
		{E079E376-08A9-45F5-9C97-6E0D17CDB318}.Release|iPhone.ActiveCfg = Release|Any CPU
		{E079E376-08A9-45F5-9C97-6E0D17CDB318}.Release|iPhone.Build.0 = Release|Any CPU
		{E079E376-08A9-45F5-9C97-6E0D17CDB318}.Release|iPhoneSimulator.ActiveCfg = Release|Any CPU
		{E079E376-08A9-45F5-9C97-6E0D17CDB318}.Release|iPhoneSimulator.Build.0 = Release|Any CPU
	EndGlobalSection
	GlobalSection(SolutionProperties) = preSolution
		HideSolutionNode = FALSE
	EndGlobalSection
	GlobalSection(ExtensibilityGlobals) = postSolution
		SolutionGuid = {C1912565-2633-4620-A7D1-EDC1B0BFDAE2}
	EndGlobalSection
EndGlobal
